
Microsoft Visual Studio Solution File, Format Version 12.00
# Visual Studio Version 17
VisualStudioVersion = 17.9.34902.65
MinimumVisualStudioVersion = 10.0.40219.1
Project("{FAE04EC0-301F-11D3-BF4B-00C04F79EFBC}") = "Primos", "Primos\Primos.csproj", "{416F0282-472E-450A-8D5C-A087FCC16083}"
EndProject
Global
	GlobalSection(SolutionConfigurationPlatforms) = preSolution
		Debug|Any CPU = Debug|Any CPU
		Release|Any CPU = Release|Any CPU
	EndGlobalSection
	GlobalSection(ProjectConfigurationPlatforms) = postSolution
		{416F0282-472E-450A-8D5C-A087FCC16083}.Debug|Any CPU.ActiveCfg = Debug|Any CPU
		{416F0282-472E-450A-8D5C-A087FCC16083}.Debug|Any CPU.Build.0 = Debug|Any CPU
		{416F0282-472E-450A-8D5C-A087FCC16083}.Release|Any CPU.ActiveCfg = Release|Any CPU
		{416F0282-472E-450A-8D5C-A087FCC16083}.Release|Any CPU.Build.0 = Release|Any CPU
	EndGlobalSection
	GlobalSection(SolutionProperties) = preSolution
		HideSolutionNode = FALSE
	EndGlobalSection
	GlobalSection(ExtensibilityGlobals) = postSolution
		SolutionGuid = {3F6B255A-3C81-45F4-B427-184D1A8F871E}
	EndGlobalSection
EndGlobal
